
Microsoft Visual Studio Solution File, Format Version 12.00
# Visual Studio Version 17
VisualStudioVersion = 17.7.34024.191
MinimumVisualStudioVersion = 10.0.40219.1
Project("{9A19103F-16F7-4668-BE54-9A1E7A4F7556}") = "StegoExample", "StegoExample\StegoExample.csproj", "{6052A69A-3434-4112-8CAF-BA81A24C81E6}"
EndProject
Project("{9A19103F-16F7-4668-BE54-9A1E7A4F7556}") = "FileHider.Experiments", "FileHider.Experiments\FileHider.Experiments.csproj", "{EDB99370-1DB7-436A-B641-4CB34F6A5254}"
EndProject
Project("{9A19103F-16F7-4668-BE54-9A1E7A4F7556}") = "FileHider.Data", "FileHider.Data\FileHider.Data.csproj", "{F00FAD75-18A1-4D02-905B-3473663F76EF}"
EndProject
Project("{9A19103F-16F7-4668-BE54-9A1E7A4F7556}") = "FileHider.Core", "FileHider.Core\FileHider.Core.csproj", "{3B6132FF-188C-45BB-98B0-EACADEAB0D6F}"
EndProject
Project("{9A19103F-16F7-4668-BE54-9A1E7A4F7556}") = "FileHider.Web.MVC", "FileHider.Web.MVC\FileHider.Web.MVC.csproj", "{16B0BEDF-0EAB-4E9E-B88B-AD41105BE889}"
EndProject
Project("{FAE04EC0-301F-11D3-BF4B-00C04F79EFBC}") = "FileHider.FileUploader", "FileHider.FileUploader\FileHider.FileUploader.csproj", "{6B720E3C-E4EE-4B7E-8E6A-3B69EFCCB6E5}"
EndProject
Global
	GlobalSection(SolutionConfigurationPlatforms) = preSolution
		Debug|Any CPU = Debug|Any CPU
		Release|Any CPU = Release|Any CPU
	EndGlobalSection
	GlobalSection(ProjectConfigurationPlatforms) = postSolution
		{6052A69A-3434-4112-8CAF-BA81A24C81E6}.Debug|Any CPU.ActiveCfg = Debug|Any CPU
		{6052A69A-3434-4112-8CAF-BA81A24C81E6}.Debug|Any CPU.Build.0 = Debug|Any CPU
		{6052A69A-3434-4112-8CAF-BA81A24C81E6}.Release|Any CPU.ActiveCfg = Release|Any CPU
		{6052A69A-3434-4112-8CAF-BA81A24C81E6}.Release|Any CPU.Build.0 = Release|Any CPU
		{EDB99370-1DB7-436A-B641-4CB34F6A5254}.Debug|Any CPU.ActiveCfg = Debug|Any CPU
		{EDB99370-1DB7-436A-B641-4CB34F6A5254}.Debug|Any CPU.Build.0 = Debug|Any CPU
		{EDB99370-1DB7-436A-B641-4CB34F6A5254}.Release|Any CPU.ActiveCfg = Release|Any CPU
		{EDB99370-1DB7-436A-B641-4CB34F6A5254}.Release|Any CPU.Build.0 = Release|Any CPU
		{F00FAD75-18A1-4D02-905B-3473663F76EF}.Debug|Any CPU.ActiveCfg = Debug|Any CPU
		{F00FAD75-18A1-4D02-905B-3473663F76EF}.Debug|Any CPU.Build.0 = Debug|Any CPU
		{F00FAD75-18A1-4D02-905B-3473663F76EF}.Release|Any CPU.ActiveCfg = Release|Any CPU
		{F00FAD75-18A1-4D02-905B-3473663F76EF}.Release|Any CPU.Build.0 = Release|Any CPU
		{3B6132FF-188C-45BB-98B0-EACADEAB0D6F}.Debug|Any CPU.ActiveCfg = Debug|Any CPU
		{3B6132FF-188C-45BB-98B0-EACADEAB0D6F}.Debug|Any CPU.Build.0 = Debug|Any CPU
		{3B6132FF-188C-45BB-98B0-EACADEAB0D6F}.Release|Any CPU.ActiveCfg = Release|Any CPU
		{3B6132FF-188C-45BB-98B0-EACADEAB0D6F}.Release|Any CPU.Build.0 = Release|Any CPU
		{16B0BEDF-0EAB-4E9E-B88B-AD41105BE889}.Debug|Any CPU.ActiveCfg = Debug|Any CPU
		{16B0BEDF-0EAB-4E9E-B88B-AD41105BE889}.Debug|Any CPU.Build.0 = Debug|Any CPU
		{16B0BEDF-0EAB-4E9E-B88B-AD41105BE889}.Release|Any CPU.ActiveCfg = Release|Any CPU
		{16B0BEDF-0EAB-4E9E-B88B-AD41105BE889}.Release|Any CPU.Build.0 = Release|Any CPU
		{6B720E3C-E4EE-4B7E-8E6A-3B69EFCCB6E5}.Debug|Any CPU.ActiveCfg = Debug|Any CPU
		{6B720E3C-E4EE-4B7E-8E6A-3B69EFCCB6E5}.Debug|Any CPU.Build.0 = Debug|Any CPU
		{6B720E3C-E4EE-4B7E-8E6A-3B69EFCCB6E5}.Release|Any CPU.ActiveCfg = Release|Any CPU
		{6B720E3C-E4EE-4B7E-8E6A-3B69EFCCB6E5}.Release|Any CPU.Build.0 = Release|Any CPU
	EndGlobalSection
	GlobalSection(SolutionProperties) = preSolution
		HideSolutionNode = FALSE
	EndGlobalSection
	GlobalSection(ExtensibilityGlobals) = postSolution
		SolutionGuid = {EB8855D7-A599-430E-BE29-ACBB4AA072E5}
	EndGlobalSection
EndGlobal
